
Microsoft Visual Studio Solution File, Format Version 12.00
# Visual Studio Version 17
VisualStudioVersion = 17.3.32519.111
MinimumVisualStudioVersion = 10.0.40219.1
Project("{9A19103F-16F7-4668-BE54-9A1E7A4F7556}") = "01_calorie_counting", "01_calorie_counting\01_calorie_counting.csproj", "{24AE86D6-481E-4B6B-86DE-6EC0516C676E}"
EndProject
Project("{9A19103F-16F7-4668-BE54-9A1E7A4F7556}") = "02_rock_paper_scissors", "02_rock_paper_scissors\02_rock_paper_scissors.csproj", "{789E192D-462F-4E51-AFB9-7D5B5398FBE3}"
EndProject
Project("{9A19103F-16F7-4668-BE54-9A1E7A4F7556}") = "03_rucksack_reorganization", "03_rucksack_reorganization\03_rucksack_reorganization.csproj", "{379FE992-707C-4472-BA7E-B1E79E7D1202}"
EndProject
Project("{9A19103F-16F7-4668-BE54-9A1E7A4F7556}") = "04_camp_cleanup", "04_camp_cleanup\04_camp_cleanup.csproj", "{4A956E0B-992E-4247-B023-CBFE4CECB7D4}"
EndProject
Project("{9A19103F-16F7-4668-BE54-9A1E7A4F7556}") = "05_supply_stacks", "05_supply_stacks\05_supply_stacks.csproj", "{F7D13C31-124A-4A18-9458-21CC22DA9303}"
EndProject
Project("{9A19103F-16F7-4668-BE54-9A1E7A4F7556}") = "06_tuning_trouble", "06_tuning_trouble\06_tuning_trouble.csproj", "{39F138C8-616F-43DF-A4A4-80A1C39BA320}"
EndProject
Project("{9A19103F-16F7-4668-BE54-9A1E7A4F7556}") = "07_no_space_left_on_device", "07\07_no_space_left_on_device.csproj", "{C4A66E11-6FD8-420F-9B6E-D1721A5FE00C}"
EndProject
Global
	GlobalSection(SolutionConfigurationPlatforms) = preSolution
		Debug|Any CPU = Debug|Any CPU
		Release|Any CPU = Release|Any CPU
	EndGlobalSection
	GlobalSection(ProjectConfigurationPlatforms) = postSolution
		{24AE86D6-481E-4B6B-86DE-6EC0516C676E}.Debug|Any CPU.ActiveCfg = Debug|Any CPU
		{24AE86D6-481E-4B6B-86DE-6EC0516C676E}.Debug|Any CPU.Build.0 = Debug|Any CPU
		{24AE86D6-481E-4B6B-86DE-6EC0516C676E}.Release|Any CPU.ActiveCfg = Release|Any CPU
		{24AE86D6-481E-4B6B-86DE-6EC0516C676E}.Release|Any CPU.Build.0 = Release|Any CPU
		{789E192D-462F-4E51-AFB9-7D5B5398FBE3}.Debug|Any CPU.ActiveCfg = Debug|Any CPU
		{789E192D-462F-4E51-AFB9-7D5B5398FBE3}.Debug|Any CPU.Build.0 = Debug|Any CPU
		{789E192D-462F-4E51-AFB9-7D5B5398FBE3}.Release|Any CPU.ActiveCfg = Release|Any CPU
		{789E192D-462F-4E51-AFB9-7D5B5398FBE3}.Release|Any CPU.Build.0 = Release|Any CPU
		{379FE992-707C-4472-BA7E-B1E79E7D1202}.Debug|Any CPU.ActiveCfg = Debug|Any CPU
		{379FE992-707C-4472-BA7E-B1E79E7D1202}.Debug|Any CPU.Build.0 = Debug|Any CPU
		{379FE992-707C-4472-BA7E-B1E79E7D1202}.Release|Any CPU.ActiveCfg = Release|Any CPU
		{379FE992-707C-4472-BA7E-B1E79E7D1202}.Release|Any CPU.Build.0 = Release|Any CPU
		{4A956E0B-992E-4247-B023-CBFE4CECB7D4}.Debug|Any CPU.ActiveCfg = Debug|Any CPU
		{4A956E0B-992E-4247-B023-CBFE4CECB7D4}.Debug|Any CPU.Build.0 = Debug|Any CPU
		{4A956E0B-992E-4247-B023-CBFE4CECB7D4}.Release|Any CPU.ActiveCfg = Release|Any CPU
		{4A956E0B-992E-4247-B023-CBFE4CECB7D4}.Release|Any CPU.Build.0 = Release|Any CPU
		{F7D13C31-124A-4A18-9458-21CC22DA9303}.Debug|Any CPU.ActiveCfg = Debug|Any CPU
		{F7D13C31-124A-4A18-9458-21CC22DA9303}.Debug|Any CPU.Build.0 = Debug|Any CPU
		{F7D13C31-124A-4A18-9458-21CC22DA9303}.Release|Any CPU.ActiveCfg = Release|Any CPU
		{F7D13C31-124A-4A18-9458-21CC22DA9303}.Release|Any CPU.Build.0 = Release|Any CPU
		{39F138C8-616F-43DF-A4A4-80A1C39BA320}.Debug|Any CPU.ActiveCfg = Debug|Any CPU
		{39F138C8-616F-43DF-A4A4-80A1C39BA320}.Debug|Any CPU.Build.0 = Debug|Any CPU
		{39F138C8-616F-43DF-A4A4-80A1C39BA320}.Release|Any CPU.ActiveCfg = Release|Any CPU
		{39F138C8-616F-43DF-A4A4-80A1C39BA320}.Release|Any CPU.Build.0 = Release|Any CPU
		{C4A66E11-6FD8-420F-9B6E-D1721A5FE00C}.Debug|Any CPU.ActiveCfg = Debug|Any CPU
		{C4A66E11-6FD8-420F-9B6E-D1721A5FE00C}.Debug|Any CPU.Build.0 = Debug|Any CPU
		{C4A66E11-6FD8-420F-9B6E-D1721A5FE00C}.Release|Any CPU.ActiveCfg = Release|Any CPU
		{C4A66E11-6FD8-420F-9B6E-D1721A5FE00C}.Release|Any CPU.Build.0 = Release|Any CPU
	EndGlobalSection
	GlobalSection(SolutionProperties) = preSolution
		HideSolutionNode = FALSE
	EndGlobalSection
	GlobalSection(ExtensibilityGlobals) = postSolution
		SolutionGuid = {C6469630-F7DA-45E4-9F38-98DE6A0D17AF}
	EndGlobalSection
EndGlobal
